
Microsoft Visual Studio Solution File, Format Version 12.00
# Visual Studio Version 16
VisualStudioVersion = 16.0.29424.173
MinimumVisualStudioVersion = 10.0.40219.1
Project("{FAE04EC0-301F-11D3-BF4B-00C04F79EFBC}") = "WorkShopWebMVC", "WorkShop-Web-MVC\WorkShopWebMVC.csproj", "{8C1E962F-F187-4193-91E5-4613E897AAFF}"
EndProject
Global
	GlobalSection(SolutionConfigurationPlatforms) = preSolution
		Debug|Any CPU = Debug|Any CPU
		Release|Any CPU = Release|Any CPU
	EndGlobalSection
	GlobalSection(ProjectConfigurationPlatforms) = postSolution
		{8C1E962F-F187-4193-91E5-4613E897AAFF}.Debug|Any CPU.ActiveCfg = Debug|Any CPU
		{8C1E962F-F187-4193-91E5-4613E897AAFF}.Debug|Any CPU.Build.0 = Debug|Any CPU
		{8C1E962F-F187-4193-91E5-4613E897AAFF}.Release|Any CPU.ActiveCfg = Release|Any CPU
		{8C1E962F-F187-4193-91E5-4613E897AAFF}.Release|Any CPU.Build.0 = Release|Any CPU
	EndGlobalSection
	GlobalSection(SolutionProperties) = preSolution
		HideSolutionNode = FALSE
	EndGlobalSection
	GlobalSection(ExtensibilityGlobals) = postSolution
		SolutionGuid = {27AD839A-64B2-4941-A90A-584E5324C066}
	EndGlobalSection
EndGlobal
